
Microsoft Visual Studio Solution File, Format Version 12.00
# Visual Studio Version 17
VisualStudioVersion = 17.7.34202.233
MinimumVisualStudioVersion = 10.0.40219.1
Project("{2150E333-8FDC-42A3-9474-1A3956D46DE8}") = "src", "src", "{06691966-A726-4477-8AA5-DA5DD580C8B7}"
EndProject
Project("{2150E333-8FDC-42A3-9474-1A3956D46DE8}") = "Common", "Common", "{8831FB9B-7BD3-4237-919E-E7EFB98F9873}"
EndProject
Project("{2150E333-8FDC-42A3-9474-1A3956D46DE8}") = "Board", "Board", "{A3215A30-AA1E-46E3-B660-E0992D678BFA}"
EndProject
Project("{2150E333-8FDC-42A3-9474-1A3956D46DE8}") = "Application", "Application", "{24232C95-5B8E-4E91-9FC5-5C8061F1DF6C}"
EndProject
Project("{2150E333-8FDC-42A3-9474-1A3956D46DE8}") = "Hosts", "Hosts", "{135FCC8D-2C01-45DF-809F-38AE031BDE7C}"
EndProject
Project("{2150E333-8FDC-42A3-9474-1A3956D46DE8}") = "Infrastruct", "Infrastruct", "{D0CBD79A-0C64-4F8E-A240-15F4BC1DBF73}"
EndProject
Project("{2150E333-8FDC-42A3-9474-1A3956D46DE8}") = "Contracts", "Contracts", "{705B8160-81CB-4B50-BA77-7989A6E393E1}"
EndProject
Project("{2150E333-8FDC-42A3-9474-1A3956D46DE8}") = "Элементы решения", "Элементы решения", "{47962EA8-8F3D-471D-A74D-80380BF45793}"
	ProjectSection(SolutionItems) = preProject
		.gitignore = .gitignore
	EndProjectSection
EndProject
Project("{9A19103F-16F7-4668-BE54-9A1E7A4F7556}") = "Board.Application.AppData", "src\Board.Application.AppData\Board.Application.AppData.csproj", "{286B8051-63CC-49C5-B16F-93107D04E874}"
EndProject
Project("{9A19103F-16F7-4668-BE54-9A1E7A4F7556}") = "Board.Contracts", "src\Board.Contracts\Board.Contracts.csproj", "{FF688578-4098-4915-BA42-060308AC9E71}"
EndProject
Project("{9A19103F-16F7-4668-BE54-9A1E7A4F7556}") = "Board.Host.Api", "src\Board.Host.Api\Board.Host.Api.csproj", "{457D5C24-927A-4FFB-801A-7AC3004A87DE}"
EndProject
Project("{9A19103F-16F7-4668-BE54-9A1E7A4F7556}") = "Board.Infrastructure.DataAccess", "src\Board.Infrastructure.DataAccess\Board.Infrastructure.DataAccess.csproj", "{52A35786-D750-41A1-89F4-F3781AC0682D}"
EndProject
Global
	GlobalSection(SolutionConfigurationPlatforms) = preSolution
		Debug|Any CPU = Debug|Any CPU
		Release|Any CPU = Release|Any CPU
	EndGlobalSection
	GlobalSection(ProjectConfigurationPlatforms) = postSolution
		{286B8051-63CC-49C5-B16F-93107D04E874}.Debug|Any CPU.ActiveCfg = Debug|Any CPU
		{286B8051-63CC-49C5-B16F-93107D04E874}.Debug|Any CPU.Build.0 = Debug|Any CPU
		{286B8051-63CC-49C5-B16F-93107D04E874}.Release|Any CPU.ActiveCfg = Release|Any CPU
		{286B8051-63CC-49C5-B16F-93107D04E874}.Release|Any CPU.Build.0 = Release|Any CPU
		{FF688578-4098-4915-BA42-060308AC9E71}.Debug|Any CPU.ActiveCfg = Debug|Any CPU
		{FF688578-4098-4915-BA42-060308AC9E71}.Debug|Any CPU.Build.0 = Debug|Any CPU
		{FF688578-4098-4915-BA42-060308AC9E71}.Release|Any CPU.ActiveCfg = Release|Any CPU
		{FF688578-4098-4915-BA42-060308AC9E71}.Release|Any CPU.Build.0 = Release|Any CPU
		{457D5C24-927A-4FFB-801A-7AC3004A87DE}.Debug|Any CPU.ActiveCfg = Debug|Any CPU
		{457D5C24-927A-4FFB-801A-7AC3004A87DE}.Debug|Any CPU.Build.0 = Debug|Any CPU
		{457D5C24-927A-4FFB-801A-7AC3004A87DE}.Release|Any CPU.ActiveCfg = Release|Any CPU
		{457D5C24-927A-4FFB-801A-7AC3004A87DE}.Release|Any CPU.Build.0 = Release|Any CPU
		{52A35786-D750-41A1-89F4-F3781AC0682D}.Debug|Any CPU.ActiveCfg = Debug|Any CPU
		{52A35786-D750-41A1-89F4-F3781AC0682D}.Debug|Any CPU.Build.0 = Debug|Any CPU
		{52A35786-D750-41A1-89F4-F3781AC0682D}.Release|Any CPU.ActiveCfg = Release|Any CPU
		{52A35786-D750-41A1-89F4-F3781AC0682D}.Release|Any CPU.Build.0 = Release|Any CPU
	EndGlobalSection
	GlobalSection(SolutionProperties) = preSolution
		HideSolutionNode = FALSE
	EndGlobalSection
	GlobalSection(NestedProjects) = preSolution
		{8831FB9B-7BD3-4237-919E-E7EFB98F9873} = {06691966-A726-4477-8AA5-DA5DD580C8B7}
		{A3215A30-AA1E-46E3-B660-E0992D678BFA} = {06691966-A726-4477-8AA5-DA5DD580C8B7}
		{24232C95-5B8E-4E91-9FC5-5C8061F1DF6C} = {A3215A30-AA1E-46E3-B660-E0992D678BFA}
		{135FCC8D-2C01-45DF-809F-38AE031BDE7C} = {A3215A30-AA1E-46E3-B660-E0992D678BFA}
		{D0CBD79A-0C64-4F8E-A240-15F4BC1DBF73} = {A3215A30-AA1E-46E3-B660-E0992D678BFA}
		{705B8160-81CB-4B50-BA77-7989A6E393E1} = {A3215A30-AA1E-46E3-B660-E0992D678BFA}
		{286B8051-63CC-49C5-B16F-93107D04E874} = {24232C95-5B8E-4E91-9FC5-5C8061F1DF6C}
		{FF688578-4098-4915-BA42-060308AC9E71} = {705B8160-81CB-4B50-BA77-7989A6E393E1}
		{457D5C24-927A-4FFB-801A-7AC3004A87DE} = {135FCC8D-2C01-45DF-809F-38AE031BDE7C}
		{52A35786-D750-41A1-89F4-F3781AC0682D} = {D0CBD79A-0C64-4F8E-A240-15F4BC1DBF73}
	EndGlobalSection
	GlobalSection(ExtensibilityGlobals) = postSolution
		SolutionGuid = {744E7DCC-A406-49AA-85D1-4AA77627792E}
	EndGlobalSection
EndGlobal
