
Microsoft Visual Studio Solution File, Format Version 12.00
# Visual Studio Version 17
VisualStudioVersion = 17.7.34202.233
MinimumVisualStudioVersion = 10.0.40219.1
Project("{2150E333-8FDC-42A3-9474-1A3956D46DE8}") = "src", "src", "{06691966-A726-4477-8AA5-DA5DD580C8B7}"
EndProject
Project("{2150E333-8FDC-42A3-9474-1A3956D46DE8}") = "Common", "Common", "{8831FB9B-7BD3-4237-919E-E7EFB98F9873}"
EndProject
Project("{2150E333-8FDC-42A3-9474-1A3956D46DE8}") = "Board", "Board", "{A3215A30-AA1E-46E3-B660-E0992D678BFA}"
EndProject
Project("{2150E333-8FDC-42A3-9474-1A3956D46DE8}") = "Application", "Application", "{24232C95-5B8E-4E91-9FC5-5C8061F1DF6C}"
EndProject
Project("{2150E333-8FDC-42A3-9474-1A3956D46DE8}") = "Hosts", "Hosts", "{135FCC8D-2C01-45DF-809F-38AE031BDE7C}"
EndProject
Project("{2150E333-8FDC-42A3-9474-1A3956D46DE8}") = "Infrastruct", "Infrastruct", "{D0CBD79A-0C64-4F8E-A240-15F4BC1DBF73}"
EndProject
Project("{2150E333-8FDC-42A3-9474-1A3956D46DE8}") = "Contracts", "Contracts", "{705B8160-81CB-4B50-BA77-7989A6E393E1}"
EndProject
Project("{9A19103F-16F7-4668-BE54-9A1E7A4F7556}") = "Board.Application.AppData", "..\Board.Application.AppData\Board.Application.AppData.csproj", "{7DC2D438-0827-4A17-8BA1-2BB1B17843F1}"
EndProject
Project("{9A19103F-16F7-4668-BE54-9A1E7A4F7556}") = "Board.Contracts", "..\Board.Contracts\Board.Contracts.csproj", "{DA84C475-6EC5-4E6E-AD9A-FBFD91DBEFEC}"
EndProject
Project("{9A19103F-16F7-4668-BE54-9A1E7A4F7556}") = "Board.Infrastructure.DataAccess", "..\Board.Infrastructure.DataAccess\Board.Infrastructure.DataAccess.csproj", "{EA691D37-FEF4-4A1E-9D11-74C465483A40}"
EndProject
Project("{9A19103F-16F7-4668-BE54-9A1E7A4F7556}") = "Board.Host.Api", "Host\Board.Host.Api\Board.Host.Api\Board.Host.Api.csproj", "{ED6FC873-3A4A-46E1-A2D6-DFA182419D4D}"
EndProject
Project("{2150E333-8FDC-42A3-9474-1A3956D46DE8}") = "Элементы решения", "Элементы решения", "{47962EA8-8F3D-471D-A74D-80380BF45793}"
	ProjectSection(SolutionItems) = preProject
		.gitignore = .gitignore
	EndProjectSection
EndProject
Global
	GlobalSection(SolutionConfigurationPlatforms) = preSolution
		Debug|Any CPU = Debug|Any CPU
		Release|Any CPU = Release|Any CPU
	EndGlobalSection
	GlobalSection(ProjectConfigurationPlatforms) = postSolution
		{7DC2D438-0827-4A17-8BA1-2BB1B17843F1}.Debug|Any CPU.ActiveCfg = Debug|Any CPU
		{7DC2D438-0827-4A17-8BA1-2BB1B17843F1}.Debug|Any CPU.Build.0 = Debug|Any CPU
		{7DC2D438-0827-4A17-8BA1-2BB1B17843F1}.Release|Any CPU.ActiveCfg = Release|Any CPU
		{7DC2D438-0827-4A17-8BA1-2BB1B17843F1}.Release|Any CPU.Build.0 = Release|Any CPU
		{DA84C475-6EC5-4E6E-AD9A-FBFD91DBEFEC}.Debug|Any CPU.ActiveCfg = Debug|Any CPU
		{DA84C475-6EC5-4E6E-AD9A-FBFD91DBEFEC}.Debug|Any CPU.Build.0 = Debug|Any CPU
		{DA84C475-6EC5-4E6E-AD9A-FBFD91DBEFEC}.Release|Any CPU.ActiveCfg = Release|Any CPU
		{DA84C475-6EC5-4E6E-AD9A-FBFD91DBEFEC}.Release|Any CPU.Build.0 = Release|Any CPU
		{EA691D37-FEF4-4A1E-9D11-74C465483A40}.Debug|Any CPU.ActiveCfg = Debug|Any CPU
		{EA691D37-FEF4-4A1E-9D11-74C465483A40}.Debug|Any CPU.Build.0 = Debug|Any CPU
		{EA691D37-FEF4-4A1E-9D11-74C465483A40}.Release|Any CPU.ActiveCfg = Release|Any CPU
		{EA691D37-FEF4-4A1E-9D11-74C465483A40}.Release|Any CPU.Build.0 = Release|Any CPU
		{ED6FC873-3A4A-46E1-A2D6-DFA182419D4D}.Debug|Any CPU.ActiveCfg = Debug|Any CPU
		{ED6FC873-3A4A-46E1-A2D6-DFA182419D4D}.Debug|Any CPU.Build.0 = Debug|Any CPU
		{ED6FC873-3A4A-46E1-A2D6-DFA182419D4D}.Release|Any CPU.ActiveCfg = Release|Any CPU
		{ED6FC873-3A4A-46E1-A2D6-DFA182419D4D}.Release|Any CPU.Build.0 = Release|Any CPU
	EndGlobalSection
	GlobalSection(SolutionProperties) = preSolution
		HideSolutionNode = FALSE
	EndGlobalSection
	GlobalSection(NestedProjects) = preSolution
		{8831FB9B-7BD3-4237-919E-E7EFB98F9873} = {06691966-A726-4477-8AA5-DA5DD580C8B7}
		{A3215A30-AA1E-46E3-B660-E0992D678BFA} = {06691966-A726-4477-8AA5-DA5DD580C8B7}
		{24232C95-5B8E-4E91-9FC5-5C8061F1DF6C} = {A3215A30-AA1E-46E3-B660-E0992D678BFA}
		{135FCC8D-2C01-45DF-809F-38AE031BDE7C} = {A3215A30-AA1E-46E3-B660-E0992D678BFA}
		{D0CBD79A-0C64-4F8E-A240-15F4BC1DBF73} = {A3215A30-AA1E-46E3-B660-E0992D678BFA}
		{705B8160-81CB-4B50-BA77-7989A6E393E1} = {A3215A30-AA1E-46E3-B660-E0992D678BFA}
		{7DC2D438-0827-4A17-8BA1-2BB1B17843F1} = {24232C95-5B8E-4E91-9FC5-5C8061F1DF6C}
		{DA84C475-6EC5-4E6E-AD9A-FBFD91DBEFEC} = {705B8160-81CB-4B50-BA77-7989A6E393E1}
		{EA691D37-FEF4-4A1E-9D11-74C465483A40} = {D0CBD79A-0C64-4F8E-A240-15F4BC1DBF73}
		{ED6FC873-3A4A-46E1-A2D6-DFA182419D4D} = {135FCC8D-2C01-45DF-809F-38AE031BDE7C}
	EndGlobalSection
	GlobalSection(ExtensibilityGlobals) = postSolution
		SolutionGuid = {744E7DCC-A406-49AA-85D1-4AA77627792E}
	EndGlobalSection
EndGlobal
